
Microsoft Visual Studio Solution File, Format Version 12.00
# Visual Studio 15
VisualStudioVersion = 15.0.28010.2016
MinimumVisualStudioVersion = 10.0.40219.1
Project("{9A19103F-16F7-4668-BE54-9A1E7A4F7556}") = "PlatForm", "PlatForm\PlatForm.csproj", "{EE5E56C1-9A4E-4117-B28D-AC434B372F43}"
EndProject
Project("{9A19103F-16F7-4668-BE54-9A1E7A4F7556}") = "GJK", "GJK\GJK.csproj", "{F08203CA-BAFD-4300-A22A-5A45F8D01DFC}"
EndProject
Project("{9A19103F-16F7-4668-BE54-9A1E7A4F7556}") = "RabbitMQ", "RabbitMQ\RabbitMQ.csproj", "{189B8C0D-C782-44D9-A8E1-17221BBBB4AD}"
EndProject
Project("{9A19103F-16F7-4668-BE54-9A1E7A4F7556}") = "GJKConsole", "GJKConsole\GJKConsole.csproj", "{5272CA40-6CA7-4B2E-B454-5286C5C06E98}"
EndProject
Project("{9A19103F-16F7-4668-BE54-9A1E7A4F7556}") = "PlatFormApp", "PlatFormApp\PlatFormApp.csproj", "{685B3309-1C23-4A1F-A5F9-A5CFCA7DCF7C}"
EndProject
Global
	GlobalSection(SolutionConfigurationPlatforms) = preSolution
		Debug|Any CPU = Debug|Any CPU
		Release|Any CPU = Release|Any CPU
	EndGlobalSection
	GlobalSection(ProjectConfigurationPlatforms) = postSolution
		{EE5E56C1-9A4E-4117-B28D-AC434B372F43}.Debug|Any CPU.ActiveCfg = Debug|Any CPU
		{EE5E56C1-9A4E-4117-B28D-AC434B372F43}.Debug|Any CPU.Build.0 = Debug|Any CPU
		{EE5E56C1-9A4E-4117-B28D-AC434B372F43}.Release|Any CPU.ActiveCfg = Release|Any CPU
		{EE5E56C1-9A4E-4117-B28D-AC434B372F43}.Release|Any CPU.Build.0 = Release|Any CPU
		{F08203CA-BAFD-4300-A22A-5A45F8D01DFC}.Debug|Any CPU.ActiveCfg = Debug|Any CPU
		{F08203CA-BAFD-4300-A22A-5A45F8D01DFC}.Debug|Any CPU.Build.0 = Debug|Any CPU
		{F08203CA-BAFD-4300-A22A-5A45F8D01DFC}.Release|Any CPU.ActiveCfg = Release|Any CPU
		{F08203CA-BAFD-4300-A22A-5A45F8D01DFC}.Release|Any CPU.Build.0 = Release|Any CPU
		{189B8C0D-C782-44D9-A8E1-17221BBBB4AD}.Debug|Any CPU.ActiveCfg = Debug|Any CPU
		{189B8C0D-C782-44D9-A8E1-17221BBBB4AD}.Debug|Any CPU.Build.0 = Debug|Any CPU
		{189B8C0D-C782-44D9-A8E1-17221BBBB4AD}.Release|Any CPU.ActiveCfg = Release|Any CPU
		{189B8C0D-C782-44D9-A8E1-17221BBBB4AD}.Release|Any CPU.Build.0 = Release|Any CPU
		{5272CA40-6CA7-4B2E-B454-5286C5C06E98}.Debug|Any CPU.ActiveCfg = Debug|Any CPU
		{5272CA40-6CA7-4B2E-B454-5286C5C06E98}.Debug|Any CPU.Build.0 = Debug|Any CPU
		{5272CA40-6CA7-4B2E-B454-5286C5C06E98}.Release|Any CPU.ActiveCfg = Release|Any CPU
		{5272CA40-6CA7-4B2E-B454-5286C5C06E98}.Release|Any CPU.Build.0 = Release|Any CPU
		{685B3309-1C23-4A1F-A5F9-A5CFCA7DCF7C}.Debug|Any CPU.ActiveCfg = Debug|Any CPU
		{685B3309-1C23-4A1F-A5F9-A5CFCA7DCF7C}.Debug|Any CPU.Build.0 = Debug|Any CPU
		{685B3309-1C23-4A1F-A5F9-A5CFCA7DCF7C}.Release|Any CPU.ActiveCfg = Release|Any CPU
		{685B3309-1C23-4A1F-A5F9-A5CFCA7DCF7C}.Release|Any CPU.Build.0 = Release|Any CPU
	EndGlobalSection
	GlobalSection(SolutionProperties) = preSolution
		HideSolutionNode = FALSE
	EndGlobalSection
	GlobalSection(ExtensibilityGlobals) = postSolution
		SolutionGuid = {D0018DA0-0AD7-4C7C-B26A-4438260D6E0F}
	EndGlobalSection
EndGlobal
